
Microsoft Visual Studio Solution File, Format Version 12.00
# Visual Studio 2012
Project("{8BC9CEB8-8B4A-11D0-8D11-00A0C91BC942}") = "odev2", "odev2\odev2.vcxproj", "{D39F9AB1-586B-4B2F-98AE-6A0D1110B3CC}"
EndProject
Global
	GlobalSection(SolutionConfigurationPlatforms) = preSolution
		Debug|Win32 = Debug|Win32
		Release|Win32 = Release|Win32
	EndGlobalSection
	GlobalSection(ProjectConfigurationPlatforms) = postSolution
		{D39F9AB1-586B-4B2F-98AE-6A0D1110B3CC}.Debug|Win32.ActiveCfg = Debug|Win32
		{D39F9AB1-586B-4B2F-98AE-6A0D1110B3CC}.Debug|Win32.Build.0 = Debug|Win32
		{D39F9AB1-586B-4B2F-98AE-6A0D1110B3CC}.Release|Win32.ActiveCfg = Release|Win32
		{D39F9AB1-586B-4B2F-98AE-6A0D1110B3CC}.Release|Win32.Build.0 = Release|Win32
	EndGlobalSection
	GlobalSection(SolutionProperties) = preSolution
		HideSolutionNode = FALSE
	EndGlobalSection
EndGlobal
